
Microsoft Visual Studio Solution File, Format Version 12.00
# Visual Studio Version 17
VisualStudioVersion = 17.7.34018.315
MinimumVisualStudioVersion = 10.0.40219.1
Project("{FAE04EC0-301F-11D3-BF4B-00C04F79EFBC}") = "Kap 6 Uppgift 6.12", "Kap 6 Uppgift 6.12\Kap 6 Uppgift 6.12.csproj", "{A9F18039-020E-481C-BF42-8CF61F9364F5}"
EndProject
Global
	GlobalSection(SolutionConfigurationPlatforms) = preSolution
		Debug|Any CPU = Debug|Any CPU
		Release|Any CPU = Release|Any CPU
	EndGlobalSection
	GlobalSection(ProjectConfigurationPlatforms) = postSolution
		{A9F18039-020E-481C-BF42-8CF61F9364F5}.Debug|Any CPU.ActiveCfg = Debug|Any CPU
		{A9F18039-020E-481C-BF42-8CF61F9364F5}.Debug|Any CPU.Build.0 = Debug|Any CPU
		{A9F18039-020E-481C-BF42-8CF61F9364F5}.Release|Any CPU.ActiveCfg = Release|Any CPU
		{A9F18039-020E-481C-BF42-8CF61F9364F5}.Release|Any CPU.Build.0 = Release|Any CPU
	EndGlobalSection
	GlobalSection(SolutionProperties) = preSolution
		HideSolutionNode = FALSE
	EndGlobalSection
	GlobalSection(ExtensibilityGlobals) = postSolution
		SolutionGuid = {2C1FF7BB-3100-466C-B5FB-0C18E06FBAD0}
	EndGlobalSection
EndGlobal
